github.com/google/go-cmp v0.5.9 h1:O2Tfq5qg4qc4AmwVlvv0oLiVAGB7enBSJ2x2DqQFi38=
github.com/google/go-cmp v0.5.9/go.mod h1:17dUlkBOakJ0+DkrSSNjCkIjxS6bF9zb3elmeNGIjoY=
github.com/senseyeio/duration v0.0.0-20180430131211-7c2a214ada46 h1:Dz0HrI1AtNSGCE8LXLLqoZU4iuOJXPWndenCsZfstA8=
github.com/senseyeio/duration v0.0.0-20180430131211-7c2a214ada46/go.mod h1:is8FVkzSi7PYLWEXT5MgWhglFsyyiW8ffxAoJqfuFZo=
